github.com/odevine/impasto v0.1.1 h1:5jjmLGwspafRgfzLBlEvCEwvX8VjxF/9DSfWxt5GRw8=
github.com/odevine/impasto v0.1.1/go.mod h1:hsDtuh29Ba47P2Rv9Zr/FIvG9pA5Zv7Tp81NJoUdbvk=
golang.org/x/image v0.41.0 h1:8wS72eGJMJaBxK6okTzd4WaXumUlTVlb753MlsSvTCo=
golang.org/x/image v0.41.0/go.mod h1:uIc348UZMSvS5Z65CVZ7iDPaNobNFEPeJ4kbqTOszmA=
golang.org/x/text v0.37.0 h1:Cqjiwd9eSg8e0QAkyCaQTNHFIIzWtidPahFWR83rTrc=
golang.org/x/text v0.37.0/go.mod h1:a5sjxXGs9hsn/AJVwuElvCAo9v8QYLzvavO5z2PiM38=
